{
  "name": "safe-web-learn",
  "version": "1.0.0",
  "lockfileVersion": 1,
  "requires": true,
  "dependencies": {
    "@hai2007/nodejs": {
      "version": "3.0.1",
      "resolved": "https://mirrors.cloud.tencent.com/npm/@hai2007%2fnodejs/-/nodejs-3.0.1.tgz",
      "integrity": "sha512-An+qC3SmzD/iN9sJ4TbZ6eZ09ZUocCry1en/1QjWGAb4NuhgcIfpZM5mnkitTRe8iY4zImFIDXjyCGYR6hyNbw==",
      "dev": true,
      "requires": {
        "@hai2007/tool": "^0.6.1"
      }
    },
    "@hai2007/tool": {
      "version": "0.6.6",
      "resolved": "https://mirrors.cloud.tencent.com/npm/@hai2007%2ftool/-/tool-0.6.6.tgz",
      "integrity": "sha512-NY+oSmnB2ihepJBDFw+2S6vUvJ+lj9AtibioWBbkEn2w/QOY+wNKBT1xgg0nstxx5ljWLd2oS9WqOPY/q7rICA==",
      "dev": true
    },
    "@hai2007/xhr": {
      "version": "0.1.2",
      "resolved": "https://mirrors.cloud.tencent.com/npm/@hai2007%2fxhr/-/xhr-0.1.2.tgz",
      "integrity": "sha512-bXO6laosjXrqP4Sj22VvJS67QqrX6GMddirHm75eti60V2eHSK/vY61l1R9FrZ+d3h6kDn15gd5ffZ3k3Ri3Ww==",
      "dev": true,
      "requires": {
        "@hai2007/tool": "^0.6.2"
      }
    }
  }
}
